
Microsoft Visual Studio Solution File, Format Version 12.00
# Visual Studio 2012
Project("{FAE04EC0-301F-11D3-BF4B-00C04F79EFBC}") = "CSharpTests", "CSharpTests\CSharpTests.csproj", "{93E7F3CF-D90C-46A8-81B6-8E39EC9D0CFD}"
EndProject
Project("{FAE04EC0-301F-11D3-BF4B-00C04F79EFBC}") = "MethodsAndEncapsulation", "MethodsAndEncapsulation\MethodsAndEncapsulation.csproj", "{C5667EB7-300D-4317-9128-AD928729D915}"
EndProject
Project("{FAE04EC0-301F-11D3-BF4B-00C04F79EFBC}") = "MethodsAndEncapsulationTests", "MethodsAndEncapsulationTests\MethodsAndEncapsulationTests.csproj", "{A1D1E06A-D120-45AD-8FEB-BD9DAB223E8F}"
EndProject
Project("{FAE04EC0-301F-11D3-BF4B-00C04F79EFBC}") = "AccessModifiers", "AccessModifiers\AccessModifiers.csproj", "{788DC03F-3F54-4F57-922F-FECB9D3D3ED1}"
EndProject
Global
	GlobalSection(SolutionConfigurationPlatforms) = preSolution
		Debug|Any CPU = Debug|Any CPU
		Release|Any CPU = Release|Any CPU
	EndGlobalSection
	GlobalSection(ProjectConfigurationPlatforms) = postSolution
		{93E7F3CF-D90C-46A8-81B6-8E39EC9D0CFD}.Debug|Any CPU.ActiveCfg = Debug|Any CPU
		{93E7F3CF-D90C-46A8-81B6-8E39EC9D0CFD}.Debug|Any CPU.Build.0 = Debug|Any CPU
		{93E7F3CF-D90C-46A8-81B6-8E39EC9D0CFD}.Release|Any CPU.ActiveCfg = Release|Any CPU
		{93E7F3CF-D90C-46A8-81B6-8E39EC9D0CFD}.Release|Any CPU.Build.0 = Release|Any CPU
		{C5667EB7-300D-4317-9128-AD928729D915}.Debug|Any CPU.ActiveCfg = Debug|Any CPU
		{C5667EB7-300D-4317-9128-AD928729D915}.Debug|Any CPU.Build.0 = Debug|Any CPU
		{C5667EB7-300D-4317-9128-AD928729D915}.Release|Any CPU.ActiveCfg = Release|Any CPU
		{C5667EB7-300D-4317-9128-AD928729D915}.Release|Any CPU.Build.0 = Release|Any CPU
		{A1D1E06A-D120-45AD-8FEB-BD9DAB223E8F}.Debug|Any CPU.ActiveCfg = Debug|Any CPU
		{A1D1E06A-D120-45AD-8FEB-BD9DAB223E8F}.Debug|Any CPU.Build.0 = Debug|Any CPU
		{A1D1E06A-D120-45AD-8FEB-BD9DAB223E8F}.Release|Any CPU.ActiveCfg = Release|Any CPU
		{A1D1E06A-D120-45AD-8FEB-BD9DAB223E8F}.Release|Any CPU.Build.0 = Release|Any CPU
		{788DC03F-3F54-4F57-922F-FECB9D3D3ED1}.Debug|Any CPU.ActiveCfg = Debug|Any CPU
		{788DC03F-3F54-4F57-922F-FECB9D3D3ED1}.Debug|Any CPU.Build.0 = Debug|Any CPU
		{788DC03F-3F54-4F57-922F-FECB9D3D3ED1}.Release|Any CPU.ActiveCfg = Release|Any CPU
		{788DC03F-3F54-4F57-922F-FECB9D3D3ED1}.Release|Any CPU.Build.0 = Release|Any CPU
	EndGlobalSection
	GlobalSection(SolutionProperties) = preSolution
		HideSolutionNode = FALSE
	EndGlobalSection
EndGlobal
