
Microsoft Visual Studio Solution File, Format Version 12.00
# Visual Studio 2013
VisualStudioVersion = 12.0.30110.0
MinimumVisualStudioVersion = 10.0.40219.1
Project("{FAE04EC0-301F-11D3-BF4B-00C04F79EFBC}") = "CSharpTests", "CSharpTests\CSharpTests.csproj", "{93E7F3CF-D90C-46A8-81B6-8E39EC9D0CFD}"
EndProject
Project("{FAE04EC0-301F-11D3-BF4B-00C04F79EFBC}") = "MethodsAndEncapsulation", "MethodsAndEncapsulation\MethodsAndEncapsulation.csproj", "{C5667EB7-300D-4317-9128-AD928729D915}"
EndProject
Project("{FAE04EC0-301F-11D3-BF4B-00C04F79EFBC}") = "MethodsAndEncapsulationTests", "MethodsAndEncapsulationTests\MethodsAndEncapsulationTests.csproj", "{A1D1E06A-D120-45AD-8FEB-BD9DAB223E8F}"
EndProject
Project("{FAE04EC0-301F-11D3-BF4B-00C04F79EFBC}") = "AccessModifiers", "AccessModifiers\AccessModifiers.csproj", "{788DC03F-3F54-4F57-922F-FECB9D3D3ED1}"
EndProject
Project("{FAE04EC0-301F-11D3-BF4B-00C04F79EFBC}") = "CodeContracts", "CodeContracts\CodeContracts.csproj", "{D0C5DF80-6D2D-4D61-BF25-958A363C578B}"
EndProject
Project("{FAE04EC0-301F-11D3-BF4B-00C04F79EFBC}") = "FunctionalCSharp", "FunctionalCSharp\FunctionalCSharp.csproj", "{AC6AE720-A468-4AB7-BFD5-62C9ABD8FFD4}"
EndProject
Project("{FAE04EC0-301F-11D3-BF4B-00C04F79EFBC}") = "FunctionalCSharpTests", "FunctionalCSharpTests\FunctionalCSharpTests.csproj", "{83FDE55D-97F4-4108-9607-2A017C1A89AC}"
EndProject
Global
	GlobalSection(SolutionConfigurationPlatforms) = preSolution
		Debug|Any CPU = Debug|Any CPU
		Release|Any CPU = Release|Any CPU
	EndGlobalSection
	GlobalSection(ProjectConfigurationPlatforms) = postSolution
		{93E7F3CF-D90C-46A8-81B6-8E39EC9D0CFD}.Debug|Any CPU.ActiveCfg = Debug|Any CPU
		{93E7F3CF-D90C-46A8-81B6-8E39EC9D0CFD}.Debug|Any CPU.Build.0 = Debug|Any CPU
		{93E7F3CF-D90C-46A8-81B6-8E39EC9D0CFD}.Release|Any CPU.ActiveCfg = Release|Any CPU
		{93E7F3CF-D90C-46A8-81B6-8E39EC9D0CFD}.Release|Any CPU.Build.0 = Release|Any CPU
		{C5667EB7-300D-4317-9128-AD928729D915}.Debug|Any CPU.ActiveCfg = Debug|Any CPU
		{C5667EB7-300D-4317-9128-AD928729D915}.Debug|Any CPU.Build.0 = Debug|Any CPU
		{C5667EB7-300D-4317-9128-AD928729D915}.Release|Any CPU.ActiveCfg = Release|Any CPU
		{C5667EB7-300D-4317-9128-AD928729D915}.Release|Any CPU.Build.0 = Release|Any CPU
		{A1D1E06A-D120-45AD-8FEB-BD9DAB223E8F}.Debug|Any CPU.ActiveCfg = Debug|Any CPU
		{A1D1E06A-D120-45AD-8FEB-BD9DAB223E8F}.Debug|Any CPU.Build.0 = Debug|Any CPU
		{A1D1E06A-D120-45AD-8FEB-BD9DAB223E8F}.Release|Any CPU.ActiveCfg = Release|Any CPU
		{A1D1E06A-D120-45AD-8FEB-BD9DAB223E8F}.Release|Any CPU.Build.0 = Release|Any CPU
		{788DC03F-3F54-4F57-922F-FECB9D3D3ED1}.Debug|Any CPU.ActiveCfg = Debug|Any CPU
		{788DC03F-3F54-4F57-922F-FECB9D3D3ED1}.Debug|Any CPU.Build.0 = Debug|Any CPU
		{788DC03F-3F54-4F57-922F-FECB9D3D3ED1}.Release|Any CPU.ActiveCfg = Release|Any CPU
		{788DC03F-3F54-4F57-922F-FECB9D3D3ED1}.Release|Any CPU.Build.0 = Release|Any CPU
		{D0C5DF80-6D2D-4D61-BF25-958A363C578B}.Debug|Any CPU.ActiveCfg = Debug|Any CPU
		{D0C5DF80-6D2D-4D61-BF25-958A363C578B}.Debug|Any CPU.Build.0 = Debug|Any CPU
		{D0C5DF80-6D2D-4D61-BF25-958A363C578B}.Release|Any CPU.ActiveCfg = Release|Any CPU
		{D0C5DF80-6D2D-4D61-BF25-958A363C578B}.Release|Any CPU.Build.0 = Release|Any CPU
		{AC6AE720-A468-4AB7-BFD5-62C9ABD8FFD4}.Debug|Any CPU.ActiveCfg = Debug|Any CPU
		{AC6AE720-A468-4AB7-BFD5-62C9ABD8FFD4}.Debug|Any CPU.Build.0 = Debug|Any CPU
		{AC6AE720-A468-4AB7-BFD5-62C9ABD8FFD4}.Release|Any CPU.ActiveCfg = Release|Any CPU
		{AC6AE720-A468-4AB7-BFD5-62C9ABD8FFD4}.Release|Any CPU.Build.0 = Release|Any CPU
		{83FDE55D-97F4-4108-9607-2A017C1A89AC}.Debug|Any CPU.ActiveCfg = Debug|Any CPU
		{83FDE55D-97F4-4108-9607-2A017C1A89AC}.Debug|Any CPU.Build.0 = Debug|Any CPU
		{83FDE55D-97F4-4108-9607-2A017C1A89AC}.Release|Any CPU.ActiveCfg = Release|Any CPU
		{83FDE55D-97F4-4108-9607-2A017C1A89AC}.Release|Any CPU.Build.0 = Release|Any CPU
	EndGlobalSection
	GlobalSection(SolutionProperties) = preSolution
		HideSolutionNode = FALSE
	EndGlobalSection
EndGlobal
